
Microsoft Visual Studio Solution File, Format Version 12.00
# Visual Studio Version 17
VisualStudioVersion = 17.10.34916.146
MinimumVisualStudioVersion = 10.0.40219.1
Project("{9A19103F-16F7-4668-BE54-9A1E7A4F7556}") = "pizza_db", "pizza_db\pizza_db.csproj", "{1E26AD68-3984-42B8-AE50-C91EA05D4973}"
EndProject
Project("{2150E333-8FDC-42A3-9474-1A3956D46DE8}") = "Solution Items", "Solution Items", "{3629D69F-CD50-4FEA-82D9-40E6FD34159D}"
EndProject
Global
	GlobalSection(SolutionConfigurationPlatforms) = preSolution
		Debug|Any CPU = Debug|Any CPU
		Release|Any CPU = Release|Any CPU
	EndGlobalSection
	GlobalSection(ProjectConfigurationPlatforms) = postSolution
		{1E26AD68-3984-42B8-AE50-C91EA05D4973}.Debug|Any CPU.ActiveCfg = Debug|Any CPU
		{1E26AD68-3984-42B8-AE50-C91EA05D4973}.Debug|Any CPU.Build.0 = Debug|Any CPU
		{1E26AD68-3984-42B8-AE50-C91EA05D4973}.Release|Any CPU.ActiveCfg = Release|Any CPU
		{1E26AD68-3984-42B8-AE50-C91EA05D4973}.Release|Any CPU.Build.0 = Release|Any CPU
	EndGlobalSection
	GlobalSection(SolutionProperties) = preSolution
		HideSolutionNode = FALSE
	EndGlobalSection
	GlobalSection(ExtensibilityGlobals) = postSolution
		SolutionGuid = {8B85B828-4D4A-4F69-8EC5-8CAD7C0BD521}
	EndGlobalSection
EndGlobal
